
Microsoft Visual Studio Solution File, Format Version 12.00
# Visual Studio Version 16
VisualStudioVersion = 16.0.30114.105
MinimumVisualStudioVersion = 10.0.40219.1
Project("{FAE04EC0-301F-11D3-BF4B-00C04F79EFBC}") = "JOIEnergyApi", "JOIEnergyApi\JOIEnergyApi.csproj", "{D28FC799-B9F2-46BC-8A4B-45D1F03CD8AA}"
EndProject
Project("{FAE04EC0-301F-11D3-BF4B-00C04F79EFBC}") = "JOIEnergyApi.Tests", "JOIEnergyApi.Tests\JOIEnergyApi.Tests.csproj", "{8A88A338-81B2-49FA-83BB-D73E7C804EC5}"
EndProject
Global
	GlobalSection(SolutionConfigurationPlatforms) = preSolution
		Debug|Any CPU = Debug|Any CPU
		Debug|x64 = Debug|x64
		Debug|x86 = Debug|x86
		Release|Any CPU = Release|Any CPU
		Release|x64 = Release|x64
		Release|x86 = Release|x86
	EndGlobalSection
	GlobalSection(SolutionProperties) = preSolution
		HideSolutionNode = FALSE
	EndGlobalSection
	GlobalSection(ProjectConfigurationPlatforms) = postSolution
		{D28FC799-B9F2-46BC-8A4B-45D1F03CD8AA}.Debug|Any CPU.ActiveCfg = Debug|Any CPU
		{D28FC799-B9F2-46BC-8A4B-45D1F03CD8AA}.Debug|Any CPU.Build.0 = Debug|Any CPU
		{D28FC799-B9F2-46BC-8A4B-45D1F03CD8AA}.Debug|x64.ActiveCfg = Debug|Any CPU
		{D28FC799-B9F2-46BC-8A4B-45D1F03CD8AA}.Debug|x64.Build.0 = Debug|Any CPU
		{D28FC799-B9F2-46BC-8A4B-45D1F03CD8AA}.Debug|x86.ActiveCfg = Debug|Any CPU
		{D28FC799-B9F2-46BC-8A4B-45D1F03CD8AA}.Debug|x86.Build.0 = Debug|Any CPU
		{D28FC799-B9F2-46BC-8A4B-45D1F03CD8AA}.Release|Any CPU.ActiveCfg = Release|Any CPU
		{D28FC799-B9F2-46BC-8A4B-45D1F03CD8AA}.Release|Any CPU.Build.0 = Release|Any CPU
		{D28FC799-B9F2-46BC-8A4B-45D1F03CD8AA}.Release|x64.ActiveCfg = Release|Any CPU
		{D28FC799-B9F2-46BC-8A4B-45D1F03CD8AA}.Release|x64.Build.0 = Release|Any CPU
		{D28FC799-B9F2-46BC-8A4B-45D1F03CD8AA}.Release|x86.ActiveCfg = Release|Any CPU
		{D28FC799-B9F2-46BC-8A4B-45D1F03CD8AA}.Release|x86.Build.0 = Release|Any CPU
		{8A88A338-81B2-49FA-83BB-D73E7C804EC5}.Debug|Any CPU.ActiveCfg = Debug|Any CPU
		{8A88A338-81B2-49FA-83BB-D73E7C804EC5}.Debug|Any CPU.Build.0 = Debug|Any CPU
		{8A88A338-81B2-49FA-83BB-D73E7C804EC5}.Debug|x64.ActiveCfg = Debug|Any CPU
		{8A88A338-81B2-49FA-83BB-D73E7C804EC5}.Debug|x64.Build.0 = Debug|Any CPU
		{8A88A338-81B2-49FA-83BB-D73E7C804EC5}.Debug|x86.ActiveCfg = Debug|Any CPU
		{8A88A338-81B2-49FA-83BB-D73E7C804EC5}.Debug|x86.Build.0 = Debug|Any CPU
		{8A88A338-81B2-49FA-83BB-D73E7C804EC5}.Release|Any CPU.ActiveCfg = Release|Any CPU
		{8A88A338-81B2-49FA-83BB-D73E7C804EC5}.Release|Any CPU.Build.0 = Release|Any CPU
		{8A88A338-81B2-49FA-83BB-D73E7C804EC5}.Release|x64.ActiveCfg = Release|Any CPU
		{8A88A338-81B2-49FA-83BB-D73E7C804EC5}.Release|x64.Build.0 = Release|Any CPU
		{8A88A338-81B2-49FA-83BB-D73E7C804EC5}.Release|x86.ActiveCfg = Release|Any CPU
		{8A88A338-81B2-49FA-83BB-D73E7C804EC5}.Release|x86.Build.0 = Release|Any CPU
	EndGlobalSection
EndGlobal
